
Microsoft Visual Studio Solution File, Format Version 12.00
# Visual Studio 15
VisualStudioVersion = 15.0.27428.2037
MinimumVisualStudioVersion = 10.0.40219.1
Project("{FAE04EC0-301F-11D3-BF4B-00C04F79EFBC}") = "Unit 35 Assignment", "Unit 35 Assignment\Unit 35 Assignment.csproj", "{6FF241D5-E304-4FD7-8034-05E1CA2E0641}"
EndProject
Global
	GlobalSection(SolutionConfigurationPlatforms) = preSolution
		Debug|Any CPU = Debug|Any CPU
		Release|Any CPU = Release|Any CPU
	EndGlobalSection
	GlobalSection(ProjectConfigurationPlatforms) = postSolution
		{6FF241D5-E304-4FD7-8034-05E1CA2E0641}.Debug|Any CPU.ActiveCfg = Debug|Any CPU
		{6FF241D5-E304-4FD7-8034-05E1CA2E0641}.Debug|Any CPU.Build.0 = Debug|Any CPU
		{6FF241D5-E304-4FD7-8034-05E1CA2E0641}.Release|Any CPU.ActiveCfg = Release|Any CPU
		{6FF241D5-E304-4FD7-8034-05E1CA2E0641}.Release|Any CPU.Build.0 = Release|Any CPU
	EndGlobalSection
	GlobalSection(SolutionProperties) = preSolution
		HideSolutionNode = FALSE
	EndGlobalSection
	GlobalSection(ExtensibilityGlobals) = postSolution
		SolutionGuid = {8C97CB35-B3C8-4D15-BD38-69618B0BBC58}
	EndGlobalSection
EndGlobal
